
Microsoft Visual Studio Solution File, Format Version 11.00
# Visual Studio 2010
Project("{E097FAD1-6243-4DAD-9C02-E9B9EFC3FFC1}") = "View", "View.csproj", "{2C48BD97-F214-39D9-BD86-A54E5624CDE0}"
EndProject
Project("{E097FAD1-6243-4DAD-9C02-E9B9EFC3FFC1}") = "Components", "Components.csproj", "{D0E27FE1-549B-4229-824F-1DEFB46603B7}"
EndProject
Project("{E097FAD1-6243-4DAD-9C02-E9B9EFC3FFC1}") = "Systems", "Systems.csproj", "{2AF6C663-B0B0-2AD7-321D-7D551D8412BF}"
EndProject
Project("{E097FAD1-6243-4DAD-9C02-E9B9EFC3FFC1}") = "Assembly-CSharp-Editor-firstpass", "Assembly-CSharp-Editor-firstpass.csproj", "{3A46E67C-AABE-9D7A-4BD1-21A9651C7371}"
EndProject
Global
	GlobalSection(SolutionConfigurationPlatforms) = preSolution
		Debug|Any CPU = Debug|Any CPU
		Release|Any CPU = Release|Any CPU
	EndGlobalSection
	GlobalSection(ProjectConfigurationPlatforms) = postSolution
		{2C48BD97-F214-39D9-BD86-A54E5624CDE0}.Debug|Any CPU.ActiveCfg = Debug|Any CPU
		{2C48BD97-F214-39D9-BD86-A54E5624CDE0}.Debug|Any CPU.Build.0 = Debug|Any CPU
		{2C48BD97-F214-39D9-BD86-A54E5624CDE0}.Release|Any CPU.ActiveCfg = Release|Any CPU
		{2C48BD97-F214-39D9-BD86-A54E5624CDE0}.Release|Any CPU.Build.0 = Release|Any CPU
		{D0E27FE1-549B-4229-824F-1DEFB46603B7}.Debug|Any CPU.ActiveCfg = Debug|Any CPU
		{D0E27FE1-549B-4229-824F-1DEFB46603B7}.Debug|Any CPU.Build.0 = Debug|Any CPU
		{D0E27FE1-549B-4229-824F-1DEFB46603B7}.Release|Any CPU.ActiveCfg = Release|Any CPU
		{D0E27FE1-549B-4229-824F-1DEFB46603B7}.Release|Any CPU.Build.0 = Release|Any CPU
		{2AF6C663-B0B0-2AD7-321D-7D551D8412BF}.Debug|Any CPU.ActiveCfg = Debug|Any CPU
		{2AF6C663-B0B0-2AD7-321D-7D551D8412BF}.Debug|Any CPU.Build.0 = Debug|Any CPU
		{2AF6C663-B0B0-2AD7-321D-7D551D8412BF}.Release|Any CPU.ActiveCfg = Release|Any CPU
		{2AF6C663-B0B0-2AD7-321D-7D551D8412BF}.Release|Any CPU.Build.0 = Release|Any CPU
		{3A46E67C-AABE-9D7A-4BD1-21A9651C7371}.Debug|Any CPU.ActiveCfg = Debug|Any CPU
		{3A46E67C-AABE-9D7A-4BD1-21A9651C7371}.Debug|Any CPU.Build.0 = Debug|Any CPU
		{3A46E67C-AABE-9D7A-4BD1-21A9651C7371}.Release|Any CPU.ActiveCfg = Release|Any CPU
		{3A46E67C-AABE-9D7A-4BD1-21A9651C7371}.Release|Any CPU.Build.0 = Release|Any CPU
	EndGlobalSection
	GlobalSection(SolutionProperties) = preSolution
		HideSolutionNode = FALSE
	EndGlobalSection
	GlobalSection(MonoDevelopProperties) = preSolution
		StartupItem = Assembly-CSharp.csproj
	EndGlobalSection
EndGlobal
